{

  "liveServer.settings.root": "/Frontend",
  "liveServer.settings.file": "/login.html",

  "editor.formatOnSave": true,
  "editor.tabSize": 2,
  "files.autoSave": "afterDelay",
  "files.autoSaveDelay": 1000,
  "emmet.includeLanguages": {
    "javascript": "javascriptreact"
  },
  "files.exclude": {
    "**/.vscode": true
  }
}
